PODS:
  - Expecta (1.0.5)
  - Realm (2.4.3):
    - Realm/Headers (= 2.4.3)
  - Realm/Headers (2.4.3)
  - SMWRealm (0.2.0):
    - Realm (~> 2.4)
  - Specta (1.0.6)

DEPENDENCIES:
  - Expecta
  - Realm
  - SMWRealm (from `../`)
  - Specta

EXTERNAL SOURCES:
  SMWRealm:
    :path: "../"

SPEC CHECKSUMS:
  Expecta: e1c022fcd33910b6be89c291d2775b3fe27a89fe
  Realm: e08d60b0048ccccd3949c8c28a92c4db5712d7e9
  SMWRealm: 63880ab81c34449b55d414d24088199aed92a275
  Specta: f506f3a8361de16bc0dcf3b17b75e269072ba465

PODFILE CHECKSUM: 7bc7c386a9bbcbe08c5ec91861dbe935880df576

COCOAPODS: 1.2.0
